<?xml version="1.0" encoding="utf-8"?>
<Project ToolsVersion="4.0" xmlns="http://schemas.microsoft.com/developer/msbuild/2003">
  <ItemGroup>
    <Filter Include="app">
      <UniqueIdentifier>{63d55cc8-f4f4-4a5d-a5f1-b36ba4dc943e}</UniqueIdentifier>
    </Filter>
    <Filter Include="directx">
      <UniqueIdentifier>{6a4fb3d0-d729-4e19-aaaf-01b7501f3f7d}</UniqueIdentifier>
    </Filter>
    <Filter Include="vendor">
      <UniqueIdentifier>{7f157d98-2e9c-4ceb-ad3f-d5f7164bbea5}</UniqueIdentifier>
    </Filter>
    <Filter Include="vendor\ImGui">
      <UniqueIdentifier>{048c6686-9473-4de7-b177-f1bddec5dbfa}</UniqueIdentifier>
    </Filter>
    <Filter Include="vendor\JsonCpp">
      <UniqueIdentifier>{6904c5a3-e4ae-4561-8438-0a3576d40036}</UniqueIdentifier>
    </Filter>
    <Filter Include="cheat">
      <UniqueIdentifier>{b612747e-404b-4bfc-ad44-4fb9de097caa}</UniqueIdentifier>
    </Filter>
  </ItemGroup>
  <ItemGroup>
    <ClCompile Include="src\app\entry_point.cpp">
      <Filter>app</Filter>
    </ClCompile>
    <ClCompile Include="src\app\version.cpp">
      <Filter>app</Filter>
    </ClCompile>
    <ClCompile Include="src\app\filesystem.cpp">
      <Filter>app</Filter>
    </ClCompile>
    <ClCompile Include="src\directx\directx.cpp">
      <Filter>directx</Filter>
    </ClCompile>
    <ClCompile Include="vendor\imgui\imgui.cpp">
      <Filter>vendor\ImGui</Filter>
    </ClCompile>
    <ClCompile Include="vendor\imgui\imgui_draw.cpp">
      <Filter>vendor\ImGui</Filter>
    </ClCompile>
    <ClCompile Include="vendor\imgui\imgui_tables.cpp">
      <Filter>vendor\ImGui</Filter>
    </ClCompile>
    <ClCompile Include="vendor\imgui\imgui_widgets.cpp">
      <Filter>vendor\ImGui</Filter>
    </ClCompile>
    <ClCompile Include="vendor\imgui\backends\imgui_impl_dx11.cpp">
      <Filter>vendor\ImGui</Filter>
    </ClCompile>
    <ClCompile Include="vendor\imgui\backends\imgui_impl_win32.cpp">
      <Filter>vendor\ImGui</Filter>
    </ClCompile>
    <ClCompile Include="src\app\network.cpp">
      <Filter>app</Filter>
    </ClCompile>
    <ClCompile Include="vendor\jsoncpp\src\lib_json\json_reader.cpp">
      <Filter>vendor\JsonCpp</Filter>
    </ClCompile>
    <ClCompile Include="vendor\jsoncpp\src\lib_json\json_value.cpp">
      <Filter>vendor\JsonCpp</Filter>
    </ClCompile>
    <ClCompile Include="vendor\jsoncpp\src\lib_json\json_writer.cpp">
      <Filter>vendor\JsonCpp</Filter>
    </ClCompile>
    <ClCompile Include="src\cheat\cheat.cpp">
      <Filter>cheat</Filter>
    </ClCompile>
    <ClCompile Include="src\cheat\module_inject.cpp">
      <Filter>cheat</Filter>
    </ClCompile>
    <ClCompile Include="src\app\log.cpp">
      <Filter>app</Filter>
    </ClCompile>
  </ItemGroup>
  <ItemGroup>
    <ClInclude Include="src\app\version.hpp">
      <Filter>app</Filter>
    </ClInclude>
    <ClInclude Include="src\app\filesystem.hpp">
      <Filter>app</Filter>
    </ClInclude>
    <ClInclude Include="src\app\entry_point.hpp">
      <Filter>app</Filter>
    </ClInclude>
    <ClInclude Include="src\directx\directx.hpp">
      <Filter>directx</Filter>
    </ClInclude>
    <ClInclude Include="vendor\imgui\imconfig.h">
      <Filter>vendor\ImGui</Filter>
    </ClInclude>
    <ClInclude Include="vendor\imgui\imgui.h">
      <Filter>vendor\ImGui</Filter>
    </ClInclude>
    <ClInclude Include="vendor\imgui\imgui_internal.h">
      <Filter>vendor\ImGui</Filter>
    </ClInclude>
    <ClInclude Include="vendor\imgui\imstb_rectpack.h">
      <Filter>vendor\ImGui</Filter>
    </ClInclude>
    <ClInclude Include="vendor\imgui\imstb_textedit.h">
      <Filter>vendor\ImGui</Filter>
    </ClInclude>
    <ClInclude Include="vendor\imgui\imstb_truetype.h">
      <Filter>vendor\ImGui</Filter>
    </ClInclude>
    <ClInclude Include="vendor\imgui\backends\imgui_impl_dx11.h">
      <Filter>vendor\ImGui</Filter>
    </ClInclude>
    <ClInclude Include="vendor\imgui\backends\imgui_impl_win32.h">
      <Filter>vendor\ImGui</Filter>
    </ClInclude>
    <ClInclude Include="src\app\network.hpp">
      <Filter>app</Filter>
    </ClInclude>
    <ClInclude Include="src\cheat\cheat.hpp">
      <Filter>cheat</Filter>
    </ClInclude>
    <ClInclude Include="src\cheat\module_inject.hpp">
      <Filter>cheat</Filter>
    </ClInclude>
    <ClInclude Include="src\app\log.hpp">
      <Filter>app</Filter>
    </ClInclude>
  </ItemGroup>
</Project>